// !$*UTF8*$!
{
	archiveVersion = 1;
	classes = {
	};
	objectVersion = 55;
	objects = {

/* Begin PBXBuildFile section */
		055A97A528B6C737005BF10F /* Counter.swift in Sources */ = {isa = PBXBuildFile; fileRef = 055A97A428B6C737005BF10F /* Counter.swift */; };
		055A97A728B6CA35005BF10F /* InterfaceControl.swift in Sources */ = {isa = PBXBuildFile; fileRef = 055A97A628B6CA35005BF10F /* InterfaceControl.swift */; };
		05843A6228B6C28F0083DD32 /* Progressing-SwiftUI-Main.swift in Sources */ = {isa = PBXBuildFile; fileRef = 05843A6128B6C28F0083DD32 /* Progressing-SwiftUI-Main.swift */; };
		05843A6428B6C28F0083DD32 /* ContentView.swift in Sources */ = {isa = PBXBuildFile; fileRef = 05843A6328B6C28F0083DD32 /* ContentView.swift */; };
		05843A6628B6C2930083DD32 /* Assets.xcassets in Resources */ = {isa = PBXBuildFile; fileRef = 05843A6528B6C2930083DD32 /* Assets.xcassets */; };
		05843A6928B6C2930083DD32 /* Preview Assets.xcassets in Resources */ = {isa = PBXBuildFile; fileRef = 05843A6828B6C2930083DD32 /* Preview Assets.xcassets */; };
		05C9DF8328B807AE0006B331 /* ViewsInLoop.swift in Sources */ = {isa = PBXBuildFile; fileRef = 05C9DF8228B807AE0006B331 /* ViewsInLoop.swift */; };
/* End PBXBuildFile section */

/* Begin PBXFileReference section */
		055A97A428B6C737005BF10F /* Counter.swift */ = {isa = PBXFileReference; lastKnownFileType = sourcecode.swift; path = Counter.swift; sourceTree = "<group>"; };
		055A97A628B6CA35005BF10F /* InterfaceControl.swift */ = {isa = PBXFileReference; lastKnownFileType = sourcecode.swift; path = InterfaceControl.swift; sourceTree = "<group>"; };
		05843A5E28B6C28F0083DD32 /* Progressing-SwiftUI.app */ = {isa = PBXFileReference; explicitFileType = wrapper.application; includeInIndex = 0; path = "Progressing-SwiftUI.app"; sourceTree = BUILT_PRODUCTS_DIR; };
		05843A6128B6C28F0083DD32 /* Progressing-SwiftUI-Main.swift */ = {isa = PBXFileReference; lastKnownFileType = sourcecode.swift; path = "Progressing-SwiftUI-Main.swift"; sourceTree = "<group>"; };
		05843A6328B6C28F0083DD32 /* ContentView.swift */ = {isa = PBXFileReference; lastKnownFileType = sourcecode.swift; path = ContentView.swift; sourceTree = "<group>"; };
		05843A6528B6C2930083DD32 /* Assets.xcassets */ = {isa = PBXFileReference; lastKnownFileType = folder.assetcatalog; path = Assets.xcassets; sourceTree = "<group>"; };
		05843A6828B6C2930083DD32 /* Preview Assets.xcassets */ = {isa = PBXFileReference; lastKnownFileType = folder.assetcatalog; path = "Preview Assets.xcassets"; sourceTree = "<group>"; };
		05C9DF8228B807AE0006B331 /* ViewsInLoop.swift */ = {isa = PBXFileReference; lastKnownFileType = sourcecode.swift; path = ViewsInLoop.swift; sourceTree = "<group>"; };
/* End PBXFileReference section */

/* Begin PBXFrameworksBuildPhase section */
		05843A5B28B6C28F0083DD32 /* Frameworks */ = {
			isa = PBXFrameworksBuildPhase;
			buildActionMask = 2147483647;
			files = (
			);
			runOnlyForDeploymentPostprocessing = 0;
		};
/* End PBXFrameworksBuildPhase section */

/* Begin PBXGroup section */
		05843A5528B6C28F0083DD32 = {
			isa = PBXGroup;
			children = (
				05843A6028B6C28F0083DD32 /* Progressing-SwiftUI */,
				05843A5F28B6C28F0083DD32 /* Products */,
			);
			sourceTree = "<group>";
		};
		05843A5F28B6C28F0083DD32 /* Products */ = {
			isa = PBXGroup;
			children = (
				05843A5E28B6C28F0083DD32 /* Progressing-SwiftUI.app */,
			);
			name = Products;
			sourceTree = "<group>";
		};
		05843A6028B6C28F0083DD32 /* Progressing-SwiftUI */ = {
			isa = PBXGroup;
			children = (
				05B4179528B805EC009C52F5 /* Day16-Form */,
				05843A6128B6C28F0083DD32 /* Progressing-SwiftUI-Main.swift */,
				05843A6528B6C2930083DD32 /* Assets.xcassets */,
				05843A6728B6C2930083DD32 /* Preview Content */,
			);
			path = "Progressing-SwiftUI";
			sourceTree = "<group>";
		};
		05843A6728B6C2930083DD32 /* Preview Content */ = {
			isa = PBXGroup;
			children = (
				05843A6828B6C2930083DD32 /* Preview Assets.xcassets */,
			);
			path = "Preview Content";
			sourceTree = "<group>";
		};
		05B4179528B805EC009C52F5 /* Day16-Form */ = {
			isa = PBXGroup;
			children = (
				05843A6328B6C28F0083DD32 /* ContentView.swift */,
				055A97A428B6C737005BF10F /* Counter.swift */,
				055A97A628B6CA35005BF10F /* InterfaceControl.swift */,
				05C9DF8228B807AE0006B331 /* ViewsInLoop.swift */,
			);
			path = "Day16-Form";
			sourceTree = "<group>";
		};
/* End PBXGroup section */

/* Begin PBXNativeTarget section */
		05843A5D28B6C28F0083DD32 /* Progressing-SwiftUI */ = {
			isa = PBXNativeTarget;
			buildConfigurationList = 05843A6C28B6C2930083DD32 /* Build configuration list for PBXNativeTarget "Progressing-SwiftUI" */;
			buildPhases = (
				05843A5A28B6C28F0083DD32 /* Sources */,
				05843A5B28B6C28F0083DD32 /* Frameworks */,
				05843A5C28B6C28F0083DD32 /* Resources */,
			);
			buildRules = (
			);
			dependencies = (
			);
			name = "Progressing-SwiftUI";
			productName = "day16-form";
			productReference = 05843A5E28B6C28F0083DD32 /* Progressing-SwiftUI.app */;
			productType = "com.apple.product-type.application";
		};
/* End PBXNativeTarget section */

/* Begin PBXProject section */
		05843A5628B6C28F0083DD32 /* Project object */ = {
			isa = PBXProject;
			attributes = {
				BuildIndependentTargetsInParallel = 1;
				LastSwiftUpdateCheck = 1340;
				LastUpgradeCheck = 1340;
				TargetAttributes = {
					05843A5D28B6C28F0083DD32 = {
						CreatedOnToolsVersion = 13.4.1;
					};
				};
			};
			buildConfigurationList = 05843A5928B6C28F0083DD32 /* Build configuration list for PBXProject "Progressing-SwiftUI" */;
			compatibilityVersion = "Xcode 13.0";
			developmentRegion = en;
			hasScannedForEncodings = 0;
			knownRegions = (
				en,
				Base,
			);
			mainGroup = 05843A5528B6C28F0083DD32;
			productRefGroup = 05843A5F28B6C28F0083DD32 /* Products */;
			projectDirPath = "";
			projectRoot = "";
			targets = (
				05843A5D28B6C28F0083DD32 /* Progressing-SwiftUI */,
			);
		};
/* End PBXProject section */

/* Begin PBXResourcesBuildPhase section */
		05843A5C28B6C28F0083DD32 /* Resources */ = {
			isa = PBXResourcesBuildPhase;
			buildActionMask = 2147483647;
			files = (
				05843A6928B6C2930083DD32 /* Preview Assets.xcassets in Resources */,
				05843A6628B6C2930083DD32 /* Assets.xcassets in Resources */,
			);
			runOnlyForDeploymentPostprocessing = 0;
		};
/* End PBXResourcesBuildPhase section */

/* Begin PBXSourcesBuildPhase section */
		05843A5A28B6C28F0083DD32 /* Sources */ = {
			isa = PBXSourcesBuildPhase;
			buildActionMask = 2147483647;
			files = (
				05843A6428B6C28F0083DD32 /* ContentView.swift in Sources */,
				05843A6228B6C28F0083DD32 /* Progressing-SwiftUI-Main.swift in Sources */,
				055A97A528B6C737005BF10F /* Counter.swift in Sources */,
				05C9DF8328B807AE0006B331 /* ViewsInLoop.swift in Sources */,
				055A97A728B6CA35005BF10F /* InterfaceControl.swift in Sources */,
			);
			runOnlyForDeploymentPostprocessing = 0;
		};
/* End PBXSourcesBuildPhase section */

/* Begin XCBuildConfiguration section */
		05843A6A28B6C2930083DD32 /* Debug */ = {
			isa = XCBuildConfiguration;
			buildSettings = {
				ALWAYS_SEARCH_USER_PATHS = NO;
				CLANG_ANALYZER_NONNULL = YES;
				CLANG_ANALYZER_NUMBER_OBJECT_CONVERSION = YES_AGGRESSIVE;
				CLANG_CXX_LANGUAGE_STANDARD = "gnu++17";
				CLANG_ENABLE_MODULES = YES;
				CLANG_ENABLE_OBJC_ARC = YES;
				CLANG_ENABLE_OBJC_WEAK = YES;
				CLANG_WARN_BLOCK_CAPTURE_AUTORELEASING = YES;
				CLANG_WARN_BOOL_CONVERSION = YES;
				CLANG_WARN_COMMA = YES;
				CLANG_WARN_CONSTANT_CONVERSION = YES;
				CLANG_WARN_DEPRECATED_OBJC_IMPLEMENTATIONS = YES;
				CLANG_WARN_DIRECT_OBJC_ISA_USAGE = YES_ERROR;
				CLANG_WARN_DOCUMENTATION_COMMENTS = YES;
				CLANG_WARN_EMPTY_BODY = YES;
				CLANG_WARN_ENUM_CONVERSION = YES;
				CLANG_WARN_INFINITE_RECURSION = YES;
				CLANG_WARN_INT_CONVERSION = YES;
				CLANG_WARN_NON_LITERAL_NULL_CONVERSION = YES;
				CLANG_WARN_OBJC_IMPLICIT_RETAIN_SELF = YES;
				CLANG_WARN_OBJC_LITERAL_CONVERSION = YES;
				CLANG_WARN_OBJC_ROOT_CLASS = YES_ERROR;
				CLANG_WARN_QUOTED_INCLUDE_IN_FRAMEWORK_HEADER = YES;
				CLANG_WARN_RANGE_LOOP_ANALYSIS = YES;
				CLANG_WARN_STRICT_PROTOTYPES = YES;
				CLANG_WARN_SUSPICIOUS_MOVE = YES;
				CLANG_WARN_UNGUARDED_AVAILABILITY = YES_AGGRESSIVE;
				CLANG_WARN_UNREACHABLE_CODE = YES;
				CLANG_WARN__DUPLICATE_METHOD_MATCH = YES;
				COPY_PHASE_STRIP = NO;
				DEBUG_INFORMATION_FORMAT = dwarf;
				ENABLE_STRICT_OBJC_MSGSEND = YES;
				ENABLE_TESTABILITY = YES;
				GCC_C_LANGUAGE_STANDARD = gnu11;
				GCC_DYNAMIC_NO_PIC = NO;
				GCC_NO_COMMON_BLOCKS = YES;
				GCC_OPTIMIZATION_LEVEL = 0;
				GCC_PREPROCESSOR_DEFINITIONS = (
					"DEBUG=1",
					"$(inherited)",
				);
				GCC_WARN_64_TO_32_BIT_CONVERSION = YES;
				GCC_WARN_ABOUT_RETURN_TYPE = YES_ERROR;
				GCC_WARN_UNDECLARED_SELECTOR = YES;
				GCC_WARN_UNINITIALIZED_AUTOS = YES_AGGRESSIVE;
				GCC_WARN_UNUSED_FUNCTION = YES;
				GCC_WARN_UNUSED_VARIABLE = YES;
				IPHONEOS_DEPLOYMENT_TARGET = 15.5;
				MTL_ENABLE_DEBUG_INFO = INCLUDE_SOURCE;
				MTL_FAST_MATH = YES;
				ONLY_ACTIVE_ARCH = YES;
				SDKROOT = iphoneos;
				SWIFT_ACTIVE_COMPILATION_CONDITIONS = DEBUG;
				SWIFT_OPTIMIZATION_LEVEL = "-Onone";
			};
			name = Debug;
		};
		05843A6B28B6C2930083DD32 /* Release */ = {
			isa = XCBuildConfiguration;
			buildSettings = {
				ALWAYS_SEARCH_USER_PATHS = NO;
				CLANG_ANALYZER_NONNULL = YES;
				CLANG_ANALYZER_NUMBER_OBJECT_CONVERSION = YES_AGGRESSIVE;
				CLANG_CXX_LANGUAGE_STANDARD = "gnu++17";
				CLANG_ENABLE_MODULES = YES;
				CLANG_ENABLE_OBJC_ARC = YES;
				CLANG_ENABLE_OBJC_WEAK = YES;
				CLANG_WARN_BLOCK_CAPTURE_AUTORELEASING = YES;
				CLANG_WARN_BOOL_CONVERSION = YES;
				CLANG_WARN_COMMA = YES;
				CLANG_WARN_CONSTANT_CONVERSION = YES;
				CLANG_WARN_DEPRECATED_OBJC_IMPLEMENTATIONS = YES;
				CLANG_WARN_DIRECT_OBJC_ISA_USAGE = YES_ERROR;
				CLANG_WARN_DOCUMENTATION_COMMENTS = YES;
				CLANG_WARN_EMPTY_BODY = YES;
				CLANG_WARN_ENUM_CONVERSION = YES;
				CLANG_WARN_INFINITE_RECURSION = YES;
				CLANG_WARN_INT_CONVERSION = YES;
				CLANG_WARN_NON_LITERAL_NULL_CONVERSION = YES;
				CLANG_WARN_OBJC_IMPLICIT_RETAIN_SELF = YES;
				CLANG_WARN_OBJC_LITERAL_CONVERSION = YES;
				CLANG_WARN_OBJC_ROOT_CLASS = YES_ERROR;
				CLANG_WARN_QUOTED_INCLUDE_IN_FRAMEWORK_HEADER = YES;
				CLANG_WARN_RANGE_LOOP_ANALYSIS = YES;
				CLANG_WARN_STRICT_PROTOTYPES = YES;
				CLANG_WARN_SUSPICIOUS_MOVE = YES;
				CLANG_WARN_UNGUARDED_AVAILABILITY = YES_AGGRESSIVE;
				CLANG_WARN_UNREACHABLE_CODE = YES;
				CLANG_WARN__DUPLICATE_METHOD_MATCH = YES;
				COPY_PHASE_STRIP = NO;
				DEBUG_INFORMATION_FORMAT = "dwarf-with-dsym";
				ENABLE_NS_ASSERTIONS = NO;
				ENABLE_STRICT_OBJC_MSGSEND = YES;
				GCC_C_LANGUAGE_STANDARD = gnu11;
				GCC_NO_COMMON_BLOCKS = YES;
				GCC_WARN_64_TO_32_BIT_CONVERSION = YES;
				GCC_WARN_ABOUT_RETURN_TYPE = YES_ERROR;
				GCC_WARN_UNDECLARED_SELECTOR = YES;
				GCC_WARN_UNINITIALIZED_AUTOS = YES_AGGRESSIVE;
				GCC_WARN_UNUSED_FUNCTION = YES;
				GCC_WARN_UNUSED_VARIABLE = YES;
				IPHONEOS_DEPLOYMENT_TARGET = 15.5;
				MTL_ENABLE_DEBUG_INFO = NO;
				MTL_FAST_MATH = YES;
				SDKROOT = iphoneos;
				SWIFT_COMPILATION_MODE = wholemodule;
				SWIFT_OPTIMIZATION_LEVEL = "-O";
				VALIDATE_PRODUCT = YES;
			};
			name = Release;
		};
		05843A6D28B6C2930083DD32 /* Debug */ = {
			isa = XCBuildConfiguration;
			buildSettings = {
				ASSETCATALOG_COMPILER_APPICON_NAME = AppIcon;
				ASSETCATALOG_COMPILER_GLOBAL_ACCENT_COLOR_NAME = AccentColor;
				CODE_SIGN_IDENTITY = "Apple Development";
				CODE_SIGN_STYLE = Automatic;
				CURRENT_PROJECT_VERSION = 1;
				DEVELOPMENT_ASSET_PATHS = "\"Progressing-SwiftUI\"";
				DEVELOPMENT_TEAM = XLX6KD3AF8;
				ENABLE_PREVIEWS = YES;
				GENERATE_INFOPLIST_FILE = YES;
				INFOPLIST_KEY_UIApplicationSceneManifest_Generation = YES;
				INFOPLIST_KEY_UIApplicationSupportsIndirectInputEvents = YES;
				INFOPLIST_KEY_UILaunchScreen_Generation = YES;
				INFOPLIST_KEY_UISupportedInterfaceOrientations_iPad = "UIInterfaceOrientationPortrait UIInterfaceOrientationPortraitUpsideDown UIInterfaceOrientationLandscapeLeft UIInterfaceOrientationLandscapeRight";
				INFOPLIST_KEY_UISupportedInterfaceOrientations_iPhone = "UIInterfaceOrientationPortrait UIInterfaceOrientationLandscapeLeft UIInterfaceOrientationLandscapeRight";
				LD_RUNPATH_SEARCH_PATHS = (
					"$(inherited)",
					"@executable_path/Frameworks",
				);
				MARKETING_VERSION = 1.0;
				PRODUCT_BUNDLE_IDENTIFIER = com.fauziarda.progressing12;
				PRODUCT_NAME = "$(TARGET_NAME)";
				PROVISIONING_PROFILE_SPECIFIER = "";
				SWIFT_EMIT_LOC_STRINGS = YES;
				SWIFT_VERSION = 5.0;
				TARGETED_DEVICE_FAMILY = "1,2";
			};
			name = Debug;
		};
		05843A6E28B6C2930083DD32 /* Release */ = {
			isa = XCBuildConfiguration;
			buildSettings = {
				ASSETCATALOG_COMPILER_APPICON_NAME = AppIcon;
				ASSETCATALOG_COMPILER_GLOBAL_ACCENT_COLOR_NAME = AccentColor;
				CODE_SIGN_IDENTITY = "Apple Development";
				CODE_SIGN_STYLE = Automatic;
				CURRENT_PROJECT_VERSION = 1;
				DEVELOPMENT_ASSET_PATHS = "\"Progressing-SwiftUI\"";
				DEVELOPMENT_TEAM = XLX6KD3AF8;
				ENABLE_PREVIEWS = YES;
				GENERATE_INFOPLIST_FILE = YES;
				INFOPLIST_KEY_UIApplicationSceneManifest_Generation = YES;
				INFOPLIST_KEY_UIApplicationSupportsIndirectInputEvents = YES;
				INFOPLIST_KEY_UILaunchScreen_Generation = YES;
				INFOPLIST_KEY_UISupportedInterfaceOrientations_iPad = "UIInterfaceOrientationPortrait UIInterfaceOrientationPortraitUpsideDown UIInterfaceOrientationLandscapeLeft UIInterfaceOrientationLandscapeRight";
				INFOPLIST_KEY_UISupportedInterfaceOrientations_iPhone = "UIInterfaceOrientationPortrait UIInterfaceOrientationLandscapeLeft UIInterfaceOrientationLandscapeRight";
				LD_RUNPATH_SEARCH_PATHS = (
					"$(inherited)",
					"@executable_path/Frameworks",
				);
				MARKETING_VERSION = 1.0;
				PRODUCT_BUNDLE_IDENTIFIER = com.fauziarda.progressing12;
				PRODUCT_NAME = "$(TARGET_NAME)";
				PROVISIONING_PROFILE_SPECIFIER = "";
				SWIFT_EMIT_LOC_STRINGS = YES;
				SWIFT_VERSION = 5.0;
				TARGETED_DEVICE_FAMILY = "1,2";
			};
			name = Release;
		};
/* End XCBuildConfiguration section */

/* Begin XCConfigurationList section */
		05843A5928B6C28F0083DD32 /* Build configuration list for PBXProject "Progressing-SwiftUI" */ = {
			isa = XCConfigurationList;
			buildConfigurations = (
				05843A6A28B6C2930083DD32 /* Debug */,
				05843A6B28B6C2930083DD32 /* Release */,
			);
			defaultConfigurationIsVisible = 0;
			defaultConfigurationName = Release;
		};
		05843A6C28B6C2930083DD32 /* Build configuration list for PBXNativeTarget "Progressing-SwiftUI" */ = {
			isa = XCConfigurationList;
			buildConfigurations = (
				05843A6D28B6C2930083DD32 /* Debug */,
				05843A6E28B6C2930083DD32 /* Release */,
			);
			defaultConfigurationIsVisible = 0;
			defaultConfigurationName = Release;
		};
/* End XCConfigurationList section */
	};
	rootObject = 05843A5628B6C28F0083DD32 /* Project object */;
}
